
Microsoft Visual Studio Solution File, Format Version 12.00
# Visual Studio Version 16
VisualStudioVersion = 16.0.31829.152
MinimumVisualStudioVersion = 10.0.40219.1
Project("{FAE04EC0-301F-11D3-BF4B-00C04F79EFBC}") = "Lab16_4", "Lab16_4\Lab16_4.csproj", "{39ADF31D-EA8D-4E85-BC86-0BD7F23B97A0}"
EndProject
Project("{FAE04EC0-301F-11D3-BF4B-00C04F79EFBC}") = "Lab16_6", "Lab16_6\Lab16_6.csproj", "{EDD4355C-8820-4D79-9A1E-C00FBC68EBEE}"
EndProject
Global
	GlobalSection(SolutionConfigurationPlatforms) = preSolution
		Debug|Any CPU = Debug|Any CPU
		Release|Any CPU = Release|Any CPU
	EndGlobalSection
	GlobalSection(ProjectConfigurationPlatforms) = postSolution
		{39ADF31D-EA8D-4E85-BC86-0BD7F23B97A0}.Debug|Any CPU.ActiveCfg = Debug|Any CPU
		{39ADF31D-EA8D-4E85-BC86-0BD7F23B97A0}.Debug|Any CPU.Build.0 = Debug|Any CPU
		{39ADF31D-EA8D-4E85-BC86-0BD7F23B97A0}.Release|Any CPU.ActiveCfg = Release|Any CPU
		{39ADF31D-EA8D-4E85-BC86-0BD7F23B97A0}.Release|Any CPU.Build.0 = Release|Any CPU
		{EDD4355C-8820-4D79-9A1E-C00FBC68EBEE}.Debug|Any CPU.ActiveCfg = Debug|Any CPU
		{EDD4355C-8820-4D79-9A1E-C00FBC68EBEE}.Debug|Any CPU.Build.0 = Debug|Any CPU
		{EDD4355C-8820-4D79-9A1E-C00FBC68EBEE}.Release|Any CPU.ActiveCfg = Release|Any CPU
		{EDD4355C-8820-4D79-9A1E-C00FBC68EBEE}.Release|Any CPU.Build.0 = Release|Any CPU
	EndGlobalSection
	GlobalSection(SolutionProperties) = preSolution
		HideSolutionNode = FALSE
	EndGlobalSection
	GlobalSection(ExtensibilityGlobals) = postSolution
		SolutionGuid = {791EF52C-5F91-46E9-AEFC-534B37A0A5AB}
	EndGlobalSection
EndGlobal
